# This file is automatically @generated by Poetry 1.5.1 and should not be changed by hand.

[[package]]
name = "hid"
version = "1.0.5"
description = "ctypes bindings for hidapi"
optional = false
python-versions = "*"
files = [
    {file = "hid-1.0.5-py2-none-any.whl", hash = "sha256:11836b877e81ab68cdd3abc44f2e230f0e6146c7e17ac45c185b72e0159fc9c7"},
    {file = "hid-1.0.5.tar.gz", hash = "sha256:1e954e7f7ab9b7c9dfc78db59504692c17db3b71249492b976b1525b97dbb0e8"},
]

[metadata]
lock-version = "2.0"
python-versions = ">=3.11,<3.13"
content-hash = "d0112490f5926a2c072533d4fbc3cff522162b32d9dd2a33f2e0d8eea53cfa72"
